
Microsoft Visual Studio Solution File, Format Version 12.00
# Visual Studio 15
VisualStudioVersion = 15.0.26124.0
MinimumVisualStudioVersion = 15.0.26124.0
Project("{9A19103F-16F7-4668-BE54-9A1E7A4F7556}") = "IdentityServer4.WebApi", "IdentityServer4.WebApi\IdentityServer4.WebApi.csproj", "{86F28E8F-BAB5-45B6-8F56-0861CF5F0494}"
EndProject
Project("{9A19103F-16F7-4668-BE54-9A1E7A4F7556}") = "IdentityServer4.WebServer", "IdentityServer4.WebServer\IdentityServer4.WebServer.csproj", "{F33448A8-4170-4745-A6BC-D3136F6CA4FB}"
EndProject
Project("{9A19103F-16F7-4668-BE54-9A1E7A4F7556}") = "IdentityServer4.WebApiClient", "IdentityServer4.WebApiClient\IdentityServer4.WebApiClient.csproj", "{F06B01E8-4B43-44B8-950B-FB23FAFBF3A4}"
EndProject
Project("{2150E333-8FDC-42A3-9474-1A3956D46DE8}") = "1. Authentication Server", "1. Authentication Server", "{08B960BD-6741-4549-9F90-62483AED982C}"
EndProject
Project("{2150E333-8FDC-42A3-9474-1A3956D46DE8}") = "2. Web APIs (Data)", "2. Web APIs (Data)", "{0DEB203E-33D8-4FE3-95B8-B04827003ABF}"
EndProject
Project("{2150E333-8FDC-42A3-9474-1A3956D46DE8}") = "3. Clients", "3. Clients", "{6F4E0E25-6E9D-4DCD-AD82-114DA9F6C34F}"
EndProject
Global
	GlobalSection(SolutionConfigurationPlatforms) = preSolution
		Debug|Any CPU = Debug|Any CPU
		Debug|x64 = Debug|x64
		Debug|x86 = Debug|x86
		Release|Any CPU = Release|Any CPU
		Release|x64 = Release|x64
		Release|x86 = Release|x86
	EndGlobalSection
	GlobalSection(ProjectConfigurationPlatforms) = postSolution
		{86F28E8F-BAB5-45B6-8F56-0861CF5F0494}.Debug|Any CPU.ActiveCfg = Debug|Any CPU
		{86F28E8F-BAB5-45B6-8F56-0861CF5F0494}.Debug|Any CPU.Build.0 = Debug|Any CPU
		{86F28E8F-BAB5-45B6-8F56-0861CF5F0494}.Debug|x64.ActiveCfg = Debug|Any CPU
		{86F28E8F-BAB5-45B6-8F56-0861CF5F0494}.Debug|x64.Build.0 = Debug|Any CPU
		{86F28E8F-BAB5-45B6-8F56-0861CF5F0494}.Debug|x86.ActiveCfg = Debug|Any CPU
		{86F28E8F-BAB5-45B6-8F56-0861CF5F0494}.Debug|x86.Build.0 = Debug|Any CPU
		{86F28E8F-BAB5-45B6-8F56-0861CF5F0494}.Release|Any CPU.ActiveCfg = Release|Any CPU
		{86F28E8F-BAB5-45B6-8F56-0861CF5F0494}.Release|Any CPU.Build.0 = Release|Any CPU
		{86F28E8F-BAB5-45B6-8F56-0861CF5F0494}.Release|x64.ActiveCfg = Release|Any CPU
		{86F28E8F-BAB5-45B6-8F56-0861CF5F0494}.Release|x64.Build.0 = Release|Any CPU
		{86F28E8F-BAB5-45B6-8F56-0861CF5F0494}.Release|x86.ActiveCfg = Release|Any CPU
		{86F28E8F-BAB5-45B6-8F56-0861CF5F0494}.Release|x86.Build.0 = Release|Any CPU
		{F33448A8-4170-4745-A6BC-D3136F6CA4FB}.Debug|Any CPU.ActiveCfg = Debug|Any CPU
		{F33448A8-4170-4745-A6BC-D3136F6CA4FB}.Debug|Any CPU.Build.0 = Debug|Any CPU
		{F33448A8-4170-4745-A6BC-D3136F6CA4FB}.Debug|x64.ActiveCfg = Debug|Any CPU
		{F33448A8-4170-4745-A6BC-D3136F6CA4FB}.Debug|x64.Build.0 = Debug|Any CPU
		{F33448A8-4170-4745-A6BC-D3136F6CA4FB}.Debug|x86.ActiveCfg = Debug|Any CPU
		{F33448A8-4170-4745-A6BC-D3136F6CA4FB}.Debug|x86.Build.0 = Debug|Any CPU
		{F33448A8-4170-4745-A6BC-D3136F6CA4FB}.Release|Any CPU.ActiveCfg = Release|Any CPU
		{F33448A8-4170-4745-A6BC-D3136F6CA4FB}.Release|Any CPU.Build.0 = Release|Any CPU
		{F33448A8-4170-4745-A6BC-D3136F6CA4FB}.Release|x64.ActiveCfg = Release|Any CPU
		{F33448A8-4170-4745-A6BC-D3136F6CA4FB}.Release|x64.Build.0 = Release|Any CPU
		{F33448A8-4170-4745-A6BC-D3136F6CA4FB}.Release|x86.ActiveCfg = Release|Any CPU
		{F33448A8-4170-4745-A6BC-D3136F6CA4FB}.Release|x86.Build.0 = Release|Any CPU
		{F06B01E8-4B43-44B8-950B-FB23FAFBF3A4}.Debug|Any CPU.ActiveCfg = Debug|Any CPU
		{F06B01E8-4B43-44B8-950B-FB23FAFBF3A4}.Debug|Any CPU.Build.0 = Debug|Any CPU
		{F06B01E8-4B43-44B8-950B-FB23FAFBF3A4}.Debug|x64.ActiveCfg = Debug|Any CPU
		{F06B01E8-4B43-44B8-950B-FB23FAFBF3A4}.Debug|x64.Build.0 = Debug|Any CPU
		{F06B01E8-4B43-44B8-950B-FB23FAFBF3A4}.Debug|x86.ActiveCfg = Debug|Any CPU
		{F06B01E8-4B43-44B8-950B-FB23FAFBF3A4}.Debug|x86.Build.0 = Debug|Any CPU
		{F06B01E8-4B43-44B8-950B-FB23FAFBF3A4}.Release|Any CPU.ActiveCfg = Release|Any CPU
		{F06B01E8-4B43-44B8-950B-FB23FAFBF3A4}.Release|Any CPU.Build.0 = Release|Any CPU
		{F06B01E8-4B43-44B8-950B-FB23FAFBF3A4}.Release|x64.ActiveCfg = Release|Any CPU
		{F06B01E8-4B43-44B8-950B-FB23FAFBF3A4}.Release|x64.Build.0 = Release|Any CPU
		{F06B01E8-4B43-44B8-950B-FB23FAFBF3A4}.Release|x86.ActiveCfg = Release|Any CPU
		{F06B01E8-4B43-44B8-950B-FB23FAFBF3A4}.Release|x86.Build.0 = Release|Any CPU
	EndGlobalSection
	GlobalSection(SolutionProperties) = preSolution
		HideSolutionNode = FALSE
	EndGlobalSection
	GlobalSection(NestedProjects) = preSolution
		{86F28E8F-BAB5-45B6-8F56-0861CF5F0494} = {0DEB203E-33D8-4FE3-95B8-B04827003ABF}
		{F33448A8-4170-4745-A6BC-D3136F6CA4FB} = {08B960BD-6741-4549-9F90-62483AED982C}
		{F06B01E8-4B43-44B8-950B-FB23FAFBF3A4} = {6F4E0E25-6E9D-4DCD-AD82-114DA9F6C34F}
	EndGlobalSection
	GlobalSection(ExtensibilityGlobals) = postSolution
		SolutionGuid = {2C883A8F-25C5-4034-9F0F-B444AA66829F}
	EndGlobalSection
EndGlobal
